
Microsoft Visual Studio Solution File, Format Version 12.00
# Visual Studio Version 16
VisualStudioVersion = 16.0.30503.244
MinimumVisualStudioVersion = 10.0.40219.1
Project("{FAE04EC0-301F-11D3-BF4B-00C04F79EFBC}") = "MultiThreadDataFeedv2", "MultiThreadDataFeedv2\MultiThreadDataFeedv2.csproj", "{DC183E9E-F9B6-4DCC-B22B-A1E2D2698A3C}"
EndProject
Global
	GlobalSection(SolutionConfigurationPlatforms) = preSolution
		Debug|Any CPU = Debug|Any CPU
		Release|Any CPU = Release|Any CPU
	EndGlobalSection
	GlobalSection(ProjectConfigurationPlatforms) = postSolution
		{DC183E9E-F9B6-4DCC-B22B-A1E2D2698A3C}.Debug|Any CPU.ActiveCfg = Debug|Any CPU
		{DC183E9E-F9B6-4DCC-B22B-A1E2D2698A3C}.Debug|Any CPU.Build.0 = Debug|Any CPU
		{DC183E9E-F9B6-4DCC-B22B-A1E2D2698A3C}.Release|Any CPU.ActiveCfg = Release|Any CPU
		{DC183E9E-F9B6-4DCC-B22B-A1E2D2698A3C}.Release|Any CPU.Build.0 = Release|Any CPU
	EndGlobalSection
	GlobalSection(SolutionProperties) = preSolution
		HideSolutionNode = FALSE
	EndGlobalSection
	GlobalSection(ExtensibilityGlobals) = postSolution
		SolutionGuid = {11253FF8-C697-48BB-9529-4E37C8DDCC68}
	EndGlobalSection
EndGlobal
